
Microsoft Visual Studio Solution File, Format Version 12.00
# Visual Studio Version 17
VisualStudioVersion = 17.13.35825.156 d17.13
MinimumVisualStudioVersion = 10.0.40219.1
Project("{FAE04EC0-301F-11D3-BF4B-00C04F79EFBC}") = "Cars Day 1", "StudyProjects\Cars Day 1.csproj", "{016B937E-A509-4267-B0DE-083233C04DE9}"
EndProject
Project("{FAE04EC0-301F-11D3-BF4B-00C04F79EFBC}") = "Barbies Day 2", "Barbies\Barbies Day 2.csproj", "{D4547660-42B9-4033-A886-5A0C637A49D4}"
EndProject
Project("{FAE04EC0-301F-11D3-BF4B-00C04F79EFBC}") = "Boys Da 3", "Boys\Boys Da 3.csproj", "{707CB320-3E0E-4C57-9975-E7C089381A7F}"
EndProject
Global
	GlobalSection(SolutionConfigurationPlatforms) = preSolution
		Debug|Any CPU = Debug|Any CPU
		Release|Any CPU = Release|Any CPU
	EndGlobalSection
	GlobalSection(ProjectConfigurationPlatforms) = postSolution
		{016B937E-A509-4267-B0DE-083233C04DE9}.Debug|Any CPU.ActiveCfg = Debug|Any CPU
		{016B937E-A509-4267-B0DE-083233C04DE9}.Debug|Any CPU.Build.0 = Debug|Any CPU
		{016B937E-A509-4267-B0DE-083233C04DE9}.Release|Any CPU.ActiveCfg = Release|Any CPU
		{016B937E-A509-4267-B0DE-083233C04DE9}.Release|Any CPU.Build.0 = Release|Any CPU
		{D4547660-42B9-4033-A886-5A0C637A49D4}.Debug|Any CPU.ActiveCfg = Debug|Any CPU
		{D4547660-42B9-4033-A886-5A0C637A49D4}.Debug|Any CPU.Build.0 = Debug|Any CPU
		{D4547660-42B9-4033-A886-5A0C637A49D4}.Release|Any CPU.ActiveCfg = Release|Any CPU
		{D4547660-42B9-4033-A886-5A0C637A49D4}.Release|Any CPU.Build.0 = Release|Any CPU
		{707CB320-3E0E-4C57-9975-E7C089381A7F}.Debug|Any CPU.ActiveCfg = Debug|Any CPU
		{707CB320-3E0E-4C57-9975-E7C089381A7F}.Debug|Any CPU.Build.0 = Debug|Any CPU
		{707CB320-3E0E-4C57-9975-E7C089381A7F}.Release|Any CPU.ActiveCfg = Release|Any CPU
		{707CB320-3E0E-4C57-9975-E7C089381A7F}.Release|Any CPU.Build.0 = Release|Any CPU
	EndGlobalSection
	GlobalSection(SolutionProperties) = preSolution
		HideSolutionNode = FALSE
	EndGlobalSection
	GlobalSection(ExtensibilityGlobals) = postSolution
		SolutionGuid = {675BF119-EECA-417C-97B9-73AF2F9620FA}
	EndGlobalSection
EndGlobal
